github.com/Arif-196/go-say-hello v1.0.0 h1:LGJMiQF5pPAHenR406mpdRbyepGmjsV76eyeNM/kVWI=
github.com/Arif-196/go-say-hello v1.0.0/go.mod h1:lPlbriK73wdiMGQUjKypIqgos0F8RdLZ+I8Qwx0PWh4=
github.com/Arif-196/go-say-hello v1.5.0 h1:jFPY3eOjwr930b/yk0JKzcCRTKRr4XDNoaTOXtmWjmY=
github.com/Arif-196/go-say-hello v1.5.0/go.mod h1:lPlbriK73wdiMGQUjKypIqgos0F8RdLZ+I8Qwx0PWh4=
github.com/Arif-196/go-say-hello/v2 v2.0.0 h1:TvOKItruHFpr1IuOX+ESaIn+Mww0PV/b1oGFLalX1bg=
github.com/Arif-196/go-say-hello/v2 v2.0.0/go.mod h1:TGoIAq0uk5X6CWrurzbj3l9L/Xam1lvu1CnCbdG/9ek=
